
Microsoft Visual Studio Solution File, Format Version 12.00
# Visual Studio Version 17
VisualStudioVersion = 17.14.36717.8 d17.14
MinimumVisualStudioVersion = 10.0.40219.1
Project("{FAE04EC0-301F-11D3-BF4B-00C04F79EFBC}") = "TriaxxInstaller", "TriaxxInstaller.csproj", "{D44BFD8D-51DF-4613-A051-AB95FF321FA2}"
EndProject
Global
	GlobalSection(SolutionConfigurationPlatforms) = preSolution
		Debug|Any CPU = Debug|Any CPU
		Release|Any CPU = Release|Any CPU
	EndGlobalSection
	GlobalSection(ProjectConfigurationPlatforms) = postSolution
		{D44BFD8D-51DF-4613-A051-AB95FF321FA2}.Debug|Any CPU.ActiveCfg = Debug|Any CPU
		{D44BFD8D-51DF-4613-A051-AB95FF321FA2}.Debug|Any CPU.Build.0 = Debug|Any CPU
		{D44BFD8D-51DF-4613-A051-AB95FF321FA2}.Release|Any CPU.ActiveCfg = Release|Any CPU
		{D44BFD8D-51DF-4613-A051-AB95FF321FA2}.Release|Any CPU.Build.0 = Release|Any CPU
	EndGlobalSection
	GlobalSection(SolutionProperties) = preSolution
		HideSolutionNode = FALSE
	EndGlobalSection
	GlobalSection(ExtensibilityGlobals) = postSolution
		SolutionGuid = {412A713D-71C4-4FFC-9796-06E8B5FC80D2}
	EndGlobalSection
EndGlobal
